
Microsoft Visual Studio Solution File, Format Version 12.00
# Visual Studio Version 17
VisualStudioVersion = 17.5.002.0
MinimumVisualStudioVersion = 10.0.40219.1
Project("{9A19103F-16F7-4668-BE54-9A1E7A4F7556}") = "VOTING APP2", "VOTING APP2.csproj", "{2F7BA388-2487-4BD2-A8D1-675515131201}"
EndProject
Global
	GlobalSection(SolutionConfigurationPlatforms) = preSolution
		Debug|Any CPU = Debug|Any CPU
		Release|Any CPU = Release|Any CPU
	EndGlobalSection
	GlobalSection(ProjectConfigurationPlatforms) = postSolution
		{2F7BA388-2487-4BD2-A8D1-675515131201}.Debug|Any CPU.ActiveCfg = Debug|Any CPU
		{2F7BA388-2487-4BD2-A8D1-675515131201}.Debug|Any CPU.Build.0 = Debug|Any CPU
		{2F7BA388-2487-4BD2-A8D1-675515131201}.Release|Any CPU.ActiveCfg = Release|Any CPU
		{2F7BA388-2487-4BD2-A8D1-675515131201}.Release|Any CPU.Build.0 = Release|Any CPU
	EndGlobalSection
	GlobalSection(SolutionProperties) = preSolution
		HideSolutionNode = FALSE
	EndGlobalSection
	GlobalSection(ExtensibilityGlobals) = postSolution
		SolutionGuid = {238F8F1B-C111-467B-8CB3-EFBB85CB5486}
	EndGlobalSection
EndGlobal
